
Microsoft Visual Studio Solution File, Format Version 12.00
# Visual Studio 15
Project("{FAE04EC0-301F-11D3-BF4B-00C04F79EFBC}") = "Assembly-CSharp", "Assembly-CSharp.csproj", "{EE3E28FF-9D8B-9F5C-886F-0F744A390B26}"
EndProject
Project("{FAE04EC0-301F-11D3-BF4B-00C04F79EFBC}") = "PhotonUnityNetworking.Demos", "PhotonUnityNetworking.Demos.csproj", "{FE9065FB-DF20-469C-CA93-4E309EC2DC2E}"
EndProject
Project("{FAE04EC0-301F-11D3-BF4B-00C04F79EFBC}") = "PhotonUnityNetworking.Utilities", "PhotonUnityNetworking.Utilities.csproj", "{B61F0723-D5B7-B961-A450-8D0240EDBDD3}"
EndProject
Project("{FAE04EC0-301F-11D3-BF4B-00C04F79EFBC}") = "PhotonChat", "PhotonChat.csproj", "{E95B36C4-863D-4D50-5321-DF5BD32A42C3}"
EndProject
Project("{FAE04EC0-301F-11D3-BF4B-00C04F79EFBC}") = "PhotonUnityNetworking", "PhotonUnityNetworking.csproj", "{A0BC48F9-BA21-64B8-005D-66BFFCB372A5}"
EndProject
Project("{FAE04EC0-301F-11D3-BF4B-00C04F79EFBC}") = "Assembly-CSharp-firstpass", "Assembly-CSharp-firstpass.csproj", "{A8501ED5-2604-8497-569B-0D9C1DDA5D21}"
EndProject
Project("{FAE04EC0-301F-11D3-BF4B-00C04F79EFBC}") = "PhotonRealtime", "PhotonRealtime.csproj", "{00606FC0-9F7D-775A-1936-45514AD17551}"
EndProject
Project("{FAE04EC0-301F-11D3-BF4B-00C04F79EFBC}") = "PhotonWebSocket", "PhotonWebSocket.csproj", "{81B364A0-320A-0276-13A3-858050C3B4B3}"
EndProject
Project("{FAE04EC0-301F-11D3-BF4B-00C04F79EFBC}") = "Assembly-CSharp-Editor", "Assembly-CSharp-Editor.csproj", "{AB20FA37-E47A-1865-C559-CC408852B6DA}"
EndProject
Project("{FAE04EC0-301F-11D3-BF4B-00C04F79EFBC}") = "Assembly-CSharp-Editor-firstpass", "Assembly-CSharp-Editor-firstpass.csproj", "{9F2CEAE9-2D93-54E5-F62D-774C8ED99CBC}"
EndProject
Project("{FAE04EC0-301F-11D3-BF4B-00C04F79EFBC}") = "PhotonUnityNetworking.Editor", "PhotonUnityNetworking.Editor.csproj", "{1EE0C8F5-49FC-C72F-0E3A-E22D85BAB47C}"
EndProject
Project("{FAE04EC0-301F-11D3-BF4B-00C04F79EFBC}") = "PunDemos.DemoHubEditor", "PunDemos.DemoHubEditor.csproj", "{0B13C4E1-850D-A357-D56D-C523358BF305}"
EndProject
Project("{FAE04EC0-301F-11D3-BF4B-00C04F79EFBC}") = "PhotonUnityNetworking.Utilities.PhotonPlayer.Editor", "PhotonUnityNetworking.Utilities.PhotonPlayer.Editor.csproj", "{453122D8-CD31-39A9-433C-47F8BE5C7203}"
EndProject
Project("{FAE04EC0-301F-11D3-BF4B-00C04F79EFBC}") = "PhotonUnityNetworking.Utilities.Culling.Editor", "PhotonUnityNetworking.Utilities.Culling.Editor.csproj", "{CE6D30AD-C192-401F-28D4-98026212F5B0}"
EndProject
Project("{FAE04EC0-301F-11D3-BF4B-00C04F79EFBC}") = "PunDemos.DemoSlotcarEditor", "PunDemos.DemoSlotcarEditor.csproj", "{C8272DFD-CB89-8FAB-52D2-ACF9A93952CF}"
EndProject
Global
	GlobalSection(SolutionConfigurationPlatforms) = preSolution
		Debug|Any CPU = Debug|Any CPU
		Release|Any CPU = Release|Any CPU
	EndGlobalSection
	GlobalSection(ProjectConfigurationPlatforms) = postSolution
		{EE3E28FF-9D8B-9F5C-886F-0F744A390B26}.Debug|Any CPU.ActiveCfg = Debug|Any CPU
		{EE3E28FF-9D8B-9F5C-886F-0F744A390B26}.Debug|Any CPU.Build.0 = Debug|Any CPU
		{EE3E28FF-9D8B-9F5C-886F-0F744A390B26}.Release|Any CPU.ActiveCfg = Release|Any CPU
		{EE3E28FF-9D8B-9F5C-886F-0F744A390B26}.Release|Any CPU.Build.0 = Release|Any CPU
		{FE9065FB-DF20-469C-CA93-4E309EC2DC2E}.Debug|Any CPU.ActiveCfg = Debug|Any CPU
		{FE9065FB-DF20-469C-CA93-4E309EC2DC2E}.Debug|Any CPU.Build.0 = Debug|Any CPU
		{FE9065FB-DF20-469C-CA93-4E309EC2DC2E}.Release|Any CPU.ActiveCfg = Release|Any CPU
		{FE9065FB-DF20-469C-CA93-4E309EC2DC2E}.Release|Any CPU.Build.0 = Release|Any CPU
		{B61F0723-D5B7-B961-A450-8D0240EDBDD3}.Debug|Any CPU.ActiveCfg = Debug|Any CPU
		{B61F0723-D5B7-B961-A450-8D0240EDBDD3}.Debug|Any CPU.Build.0 = Debug|Any CPU
		{B61F0723-D5B7-B961-A450-8D0240EDBDD3}.Release|Any CPU.ActiveCfg = Release|Any CPU
		{B61F0723-D5B7-B961-A450-8D0240EDBDD3}.Release|Any CPU.Build.0 = Release|Any CPU
		{E95B36C4-863D-4D50-5321-DF5BD32A42C3}.Debug|Any CPU.ActiveCfg = Debug|Any CPU
		{E95B36C4-863D-4D50-5321-DF5BD32A42C3}.Debug|Any CPU.Build.0 = Debug|Any CPU
		{E95B36C4-863D-4D50-5321-DF5BD32A42C3}.Release|Any CPU.ActiveCfg = Release|Any CPU
		{E95B36C4-863D-4D50-5321-DF5BD32A42C3}.Release|Any CPU.Build.0 = Release|Any CPU
		{A0BC48F9-BA21-64B8-005D-66BFFCB372A5}.Debug|Any CPU.ActiveCfg = Debug|Any CPU
		{A0BC48F9-BA21-64B8-005D-66BFFCB372A5}.Debug|Any CPU.Build.0 = Debug|Any CPU
		{A0BC48F9-BA21-64B8-005D-66BFFCB372A5}.Release|Any CPU.ActiveCfg = Release|Any CPU
		{A0BC48F9-BA21-64B8-005D-66BFFCB372A5}.Release|Any CPU.Build.0 = Release|Any CPU
		{A8501ED5-2604-8497-569B-0D9C1DDA5D21}.Debug|Any CPU.ActiveCfg = Debug|Any CPU
		{A8501ED5-2604-8497-569B-0D9C1DDA5D21}.Debug|Any CPU.Build.0 = Debug|Any CPU
		{A8501ED5-2604-8497-569B-0D9C1DDA5D21}.Release|Any CPU.ActiveCfg = Release|Any CPU
		{A8501ED5-2604-8497-569B-0D9C1DDA5D21}.Release|Any CPU.Build.0 = Release|Any CPU
		{00606FC0-9F7D-775A-1936-45514AD17551}.Debug|Any CPU.ActiveCfg = Debug|Any CPU
		{00606FC0-9F7D-775A-1936-45514AD17551}.Debug|Any CPU.Build.0 = Debug|Any CPU
		{00606FC0-9F7D-775A-1936-45514AD17551}.Release|Any CPU.ActiveCfg = Release|Any CPU
		{00606FC0-9F7D-775A-1936-45514AD17551}.Release|Any CPU.Build.0 = Release|Any CPU
		{81B364A0-320A-0276-13A3-858050C3B4B3}.Debug|Any CPU.ActiveCfg = Debug|Any CPU
		{81B364A0-320A-0276-13A3-858050C3B4B3}.Debug|Any CPU.Build.0 = Debug|Any CPU
		{81B364A0-320A-0276-13A3-858050C3B4B3}.Release|Any CPU.ActiveCfg = Release|Any CPU
		{81B364A0-320A-0276-13A3-858050C3B4B3}.Release|Any CPU.Build.0 = Release|Any CPU
		{AB20FA37-E47A-1865-C559-CC408852B6DA}.Debug|Any CPU.ActiveCfg = Debug|Any CPU
		{AB20FA37-E47A-1865-C559-CC408852B6DA}.Debug|Any CPU.Build.0 = Debug|Any CPU
		{AB20FA37-E47A-1865-C559-CC408852B6DA}.Release|Any CPU.ActiveCfg = Release|Any CPU
		{AB20FA37-E47A-1865-C559-CC408852B6DA}.Release|Any CPU.Build.0 = Release|Any CPU
		{9F2CEAE9-2D93-54E5-F62D-774C8ED99CBC}.Debug|Any CPU.ActiveCfg = Debug|Any CPU
		{9F2CEAE9-2D93-54E5-F62D-774C8ED99CBC}.Debug|Any CPU.Build.0 = Debug|Any CPU
		{9F2CEAE9-2D93-54E5-F62D-774C8ED99CBC}.Release|Any CPU.ActiveCfg = Release|Any CPU
		{9F2CEAE9-2D93-54E5-F62D-774C8ED99CBC}.Release|Any CPU.Build.0 = Release|Any CPU
		{1EE0C8F5-49FC-C72F-0E3A-E22D85BAB47C}.Debug|Any CPU.ActiveCfg = Debug|Any CPU
		{1EE0C8F5-49FC-C72F-0E3A-E22D85BAB47C}.Debug|Any CPU.Build.0 = Debug|Any CPU
		{1EE0C8F5-49FC-C72F-0E3A-E22D85BAB47C}.Release|Any CPU.ActiveCfg = Release|Any CPU
		{1EE0C8F5-49FC-C72F-0E3A-E22D85BAB47C}.Release|Any CPU.Build.0 = Release|Any CPU
		{0B13C4E1-850D-A357-D56D-C523358BF305}.Debug|Any CPU.ActiveCfg = Debug|Any CPU
		{0B13C4E1-850D-A357-D56D-C523358BF305}.Debug|Any CPU.Build.0 = Debug|Any CPU
		{0B13C4E1-850D-A357-D56D-C523358BF305}.Release|Any CPU.ActiveCfg = Release|Any CPU
		{0B13C4E1-850D-A357-D56D-C523358BF305}.Release|Any CPU.Build.0 = Release|Any CPU
		{453122D8-CD31-39A9-433C-47F8BE5C7203}.Debug|Any CPU.ActiveCfg = Debug|Any CPU
		{453122D8-CD31-39A9-433C-47F8BE5C7203}.Debug|Any CPU.Build.0 = Debug|Any CPU
		{453122D8-CD31-39A9-433C-47F8BE5C7203}.Release|Any CPU.ActiveCfg = Release|Any CPU
		{453122D8-CD31-39A9-433C-47F8BE5C7203}.Release|Any CPU.Build.0 = Release|Any CPU
		{CE6D30AD-C192-401F-28D4-98026212F5B0}.Debug|Any CPU.ActiveCfg = Debug|Any CPU
		{CE6D30AD-C192-401F-28D4-98026212F5B0}.Debug|Any CPU.Build.0 = Debug|Any CPU
		{CE6D30AD-C192-401F-28D4-98026212F5B0}.Release|Any CPU.ActiveCfg = Release|Any CPU
		{CE6D30AD-C192-401F-28D4-98026212F5B0}.Release|Any CPU.Build.0 = Release|Any CPU
		{C8272DFD-CB89-8FAB-52D2-ACF9A93952CF}.Debug|Any CPU.ActiveCfg = Debug|Any CPU
		{C8272DFD-CB89-8FAB-52D2-ACF9A93952CF}.Debug|Any CPU.Build.0 = Debug|Any CPU
		{C8272DFD-CB89-8FAB-52D2-ACF9A93952CF}.Release|Any CPU.ActiveCfg = Release|Any CPU
		{C8272DFD-CB89-8FAB-52D2-ACF9A93952CF}.Release|Any CPU.Build.0 = Release|Any CPU
	EndGlobalSection
	GlobalSection(SolutionProperties) = preSolution
		HideSolutionNode = FALSE
	EndGlobalSection
EndGlobal
